lockfileVersion: '9.0'

settings:
  autoInstallPeers: true
  excludeLinksFromLockfile: false

importers:

  .:
    dependencies:
      '@fontsource/im-fell-english':
        specifier: ^5.3.0
        version: 5.3.0
      '@fontsource/noto-serif-sc':
        specifier: ^5.3.0
        version: 5.3.0
      '@fontsource/old-standard-tt':
        specifier: ^5.3.0
        version: 5.3.0
      '@fontsource/playfair-display':
        specifier: ^5.3.0
        version: 5.3.0

packages:

  '@fontsource/im-fell-english@5.3.0':
    resolution: {integrity: sha512-FcgdWfY9WeUM2gQkfmwhn4Ed9LVtlll8LSSZvHfbsUrnHK5tHHnGg6BgwAfHogp52adU3eE89J/3B52qV3b+Vw==}

  '@fontsource/noto-serif-sc@5.3.0':
    resolution: {integrity: sha512-0/zaEFkidiWldE62rTeD74x8ygUsQvejiSNtO0LQxQk3qpaHnlMZ3w4C7yH80B4KTIg8VKeFP4oSgwWMchY9+g==}

  '@fontsource/old-standard-tt@5.3.0':
    resolution: {integrity: sha512-9cXU8XWqw4Pz9/9Lf6Otf1GPc0y17d96/nP9tzs4PLlq1IFMIxXszL3OLldaoyAn5YGr1r+tIXr0rlbgIeCYrg==}

  '@fontsource/playfair-display@5.3.0':
    resolution: {integrity: sha512-uJSABalvdWc10fEPppQjQocamT21LEyRfzzWfRfqbkPz+sRv+kKpYDKyluBUskvJREkJTos9epj1WjQROGu99Q==}

snapshots:

  '@fontsource/im-fell-english@5.3.0': {}

  '@fontsource/noto-serif-sc@5.3.0': {}

  '@fontsource/old-standard-tt@5.3.0': {}

  '@fontsource/playfair-display@5.3.0': {}
